<?xml version="1.0" encoding="utf-8"?>
<Project ToolsVersion="4.0" xmlns="http://schemas.microsoft.com/developer/msbuild/2003">
  <ItemGroup>
    <ClCompile Include="src\main.cpp" />
    <ClCompile Include="src\GameLoop.cpp" />
    <ClCompile Include="src\ui\Button.cpp">
      <Filter>Ui</Filter>
    </ClCompile>
    <ClCompile Include="src\ui\Panel.cpp">
      <Filter>Ui</Filter>
    </ClCompile>
    <ClCompile Include="src\ui\Text.cpp">
      <Filter>Ui</Filter>
    </ClCompile>
    <ClCompile Include="src\utilities\Utils.cpp">
      <Filter>Utilities</Filter>
    </ClCompile>
    <ClCompile Include="src\entities\Ball.cpp">
      <Filter>Entities</Filter>
    </ClCompile>
    <ClCompile Include="src\entities\PowerUp.cpp">
      <Filter>Entities</Filter>
    </ClCompile>
    <ClCompile Include="src\scenes\SceneMenu.cpp">
      <Filter>Scenes</Filter>
    </ClCompile>
    <ClCompile Include="src\scenes\SceneCredits.cpp">
      <Filter>Scenes</Filter>
    </ClCompile>
    <ClCompile Include="src\scenes\SceneControlls.cpp">
      <Filter>Scenes</Filter>
    </ClCompile>
    <ClCompile Include="src\managers\SpriteManager.cpp">
      <Filter>Managers</Filter>
    </ClCompile>
    <ClCompile Include="src\scenes\SceneGamePlay.cpp">
      <Filter>Scenes</Filter>
    </ClCompile>
  </ItemGroup>
  <ItemGroup>
    <ClInclude Include="src\GameLoop.h" />
    <ClInclude Include="src\ui\Button.h">
      <Filter>Ui</Filter>
    </ClInclude>
    <ClInclude Include="src\ui\Panel.h">
      <Filter>Ui</Filter>
    </ClInclude>
    <ClInclude Include="src\ui\Text.h">
      <Filter>Ui</Filter>
    </ClInclude>
    <ClInclude Include="src\utilities\Utils.h">
      <Filter>Utilities</Filter>
    </ClInclude>
    <ClInclude Include="src\utilities\Circle.h">
      <Filter>Utilities</Filter>
    </ClInclude>
    <ClInclude Include="src\entities\Ball.h">
      <Filter>Entities</Filter>
    </ClInclude>
    <ClInclude Include="src\entities\PowerUP.h">
      <Filter>Entities</Filter>
    </ClInclude>
    <ClInclude Include="src\scenes\SceneMenu.h">
      <Filter>Scenes</Filter>
    </ClInclude>
    <ClInclude Include="src\scenes\SceneCredits.h">
      <Filter>Scenes</Filter>
    </ClInclude>
    <ClInclude Include="src\managers\SpriteManager.h">
      <Filter>Managers</Filter>
    </ClInclude>
    <ClInclude Include="src\scenes\SceneControlls.h">
      <Filter>Scenes</Filter>
    </ClInclude>
    <ClInclude Include="src\scenes\SceneGamePlay.h">
      <Filter>Scenes</Filter>
    </ClInclude>
  </ItemGroup>
  <ItemGroup>
    <Filter Include="Scenes">
      <UniqueIdentifier>{44ab4832-7097-4a3e-aa5a-dc3e696979ae}</UniqueIdentifier>
    </Filter>
    <Filter Include="Managers">
      <UniqueIdentifier>{87408878-6bc5-4d49-940e-b1b023d32e84}</UniqueIdentifier>
    </Filter>
    <Filter Include="Entities">
      <UniqueIdentifier>{0b474d87-7dff-42da-ac40-1f758ebb3968}</UniqueIdentifier>
    </Filter>
    <Filter Include="Ui">
      <UniqueIdentifier>{356e8d26-88e3-49f2-8568-89c1e5482e9e}</UniqueIdentifier>
    </Filter>
    <Filter Include="Utilities">
      <UniqueIdentifier>{2aed718e-1654-4abd-9b17-c33606d1f927}</UniqueIdentifier>
    </Filter>
  </ItemGroup>
</Project>